{
  "requires": true,
  "lockfileVersion": 1,
  "dependencies": {
    "@babel/runtime": {
      "version": "7.10.5",
      "resolved": "https://registry.npm.taobao.org/@babel/runtime/download/@babel/runtime-7.10.5.tgz",
      "integrity": "sha1-MD2L1EDs1aSR6uYRf9M2dphnTFw=",
      "requires": {
        "regenerator-runtime": "^0.13.4"
      }
    },
    "@vant/icons": {
      "version": "1.2.3",
      "resolved": "https://registry.npm.taobao.org/@vant/icons/download/@vant/icons-1.2.3.tgz?cache=0&sync_timestamp=1593673299776&other_urls=https%3A%2F%2Fregistry.npm.taobao.org%2F%40vant%2Ficons%2Fdownload%2F%40vant%2Ficons-1.2.3.tgz",
      "integrity": "sha1-xGt93TI2P3kJRMOvl0tzvagN96E="
    },
    "@vue/babel-helper-vue-jsx-merge-props": {
      "version": "1.0.0",
      "resolved": "https://registry.npm.taobao.org/@vue/babel-helper-vue-jsx-merge-props/download/@vue/babel-helper-vue-jsx-merge-props-1.0.0.tgz",
      "integrity": "sha1-BI/leZWNpAj7eosqPsBQtQpmEEA="
    },
    "amfe-flexible": {
      "version": "2.2.1",
      "resolved": "https://registry.npm.taobao.org/amfe-flexible/download/amfe-flexible-2.2.1.tgz",
      "integrity": "sha1-NT8AKJ5NOMqIoh6zhUQgMIrwtVk="
    },
    "regenerator-runtime": {
      "version": "0.13.5",
      "resolved": "https://registry.npm.taobao.org/regenerator-runtime/download/regenerator-runtime-0.13.5.tgz",
      "integrity": "sha1-2Hih0JS0MG0QuQlkhLM+vVXiZpc="
    },
    "vant": {
      "version": "2.9.3",
      "resolved": "https://registry.npm.taobao.org/vant/download/vant-2.9.3.tgz",
      "integrity": "sha1-MXNSTZ9qRfnvs6/WbBj1qkdJGV8=",
      "requires": {
        "@babel/runtime": "7.x",
        "@vant/icons": "1.2.3",
        "@vue/babel-helper-vue-jsx-merge-props": "^1.0.0",
        "vue-lazyload": "1.2.3"
      }
    },
    "vue-lazyload": {
      "version": "1.2.3",
      "resolved": "https://registry.npm.taobao.org/vue-lazyload/download/vue-lazyload-1.2.3.tgz",
      "integrity": "sha1-kB+ewVx+bKeHgaK65KNDaGve2yw="
    }
  }
}
